
Microsoft Visual Studio Solution File, Format Version 12.00
# Visual Studio Version 17
VisualStudioVersion = 17.8.34525.116
MinimumVisualStudioVersion = 10.0.40219.1
Project("{FAE04EC0-301F-11D3-BF4B-00C04F79EFBC}") = "Cafe Uni Project", "Cafe Uni Project.csproj", "{4A7226B6-0D61-4718-958A-02156BA39AAB}"
EndProject
Global
	GlobalSection(SolutionConfigurationPlatforms) = preSolution
		Debug|Any CPU = Debug|Any CPU
		Release|Any CPU = Release|Any CPU
	EndGlobalSection
	GlobalSection(ProjectConfigurationPlatforms) = postSolution
		{4A7226B6-0D61-4718-958A-02156BA39AAB}.Debug|Any CPU.ActiveCfg = Debug|Any CPU
		{4A7226B6-0D61-4718-958A-02156BA39AAB}.Debug|Any CPU.Build.0 = Debug|Any CPU
		{4A7226B6-0D61-4718-958A-02156BA39AAB}.Release|Any CPU.ActiveCfg = Release|Any CPU
		{4A7226B6-0D61-4718-958A-02156BA39AAB}.Release|Any CPU.Build.0 = Release|Any CPU
	EndGlobalSection
	GlobalSection(SolutionProperties) = preSolution
		HideSolutionNode = FALSE
	EndGlobalSection
	GlobalSection(ExtensibilityGlobals) = postSolution
		SolutionGuid = {4886EEE6-5055-45C0-800C-31F740E48FAF}
	EndGlobalSection
EndGlobal
